
Microsoft Visual Studio Solution File, Format Version 12.00
# Visual Studio 15
VisualStudioVersion = 15.0.28010.2046
MinimumVisualStudioVersion = 10.0.40219.1
Project("{8BC9CEB8-8B4A-11D0-8D11-00A0C91BC942}") = "homework5", "homework5\homework5.vcxproj", "{F0A630EE-76DB-4CEF-AA96-0A4F14B6631C}"
EndProject
Global
	GlobalSection(SolutionConfigurationPlatforms) = preSolution
		Debug|x64 = Debug|x64
		Debug|x86 = Debug|x86
		Release|x64 = Release|x64
		Release|x86 = Release|x86
	EndGlobalSection
	GlobalSection(ProjectConfigurationPlatforms) = postSolution
		{F0A630EE-76DB-4CEF-AA96-0A4F14B6631C}.Debug|x64.ActiveCfg = Debug|x64
		{F0A630EE-76DB-4CEF-AA96-0A4F14B6631C}.Debug|x64.Build.0 = Debug|x64
		{F0A630EE-76DB-4CEF-AA96-0A4F14B6631C}.Debug|x86.ActiveCfg = Debug|Win32
		{F0A630EE-76DB-4CEF-AA96-0A4F14B6631C}.Debug|x86.Build.0 = Debug|Win32
		{F0A630EE-76DB-4CEF-AA96-0A4F14B6631C}.Release|x64.ActiveCfg = Release|x64
		{F0A630EE-76DB-4CEF-AA96-0A4F14B6631C}.Release|x64.Build.0 = Release|x64
		{F0A630EE-76DB-4CEF-AA96-0A4F14B6631C}.Release|x86.ActiveCfg = Release|Win32
		{F0A630EE-76DB-4CEF-AA96-0A4F14B6631C}.Release|x86.Build.0 = Release|Win32
	EndGlobalSection
	GlobalSection(SolutionProperties) = preSolution
		HideSolutionNode = FALSE
	EndGlobalSection
	GlobalSection(ExtensibilityGlobals) = postSolution
		SolutionGuid = {3B5B88B5-FC0F-42AE-A515-E1BDE7688817}
	EndGlobalSection
EndGlobal
