
Microsoft Visual Studio Solution File, Format Version 12.00
# Visual Studio 15
VisualStudioVersion = 15.0.28307.852
MinimumVisualStudioVersion = 10.0.40219.1
Project("{8BC9CEB8-8B4A-11D0-8D11-00A0C91BC942}") = "Spiner4", "Spiner4\Spiner4.vcxproj", "{9E8B3E57-9288-4CFE-9376-A4FF2279FD29}"
EndProject
Global
	GlobalSection(SolutionConfigurationPlatforms) = preSolution
		Debug|x64 = Debug|x64
		Debug|x86 = Debug|x86
		Release|x64 = Release|x64
		Release|x86 = Release|x86
	EndGlobalSection
	GlobalSection(ProjectConfigurationPlatforms) = postSolution
		{9E8B3E57-9288-4CFE-9376-A4FF2279FD29}.Debug|x64.ActiveCfg = Debug|x64
		{9E8B3E57-9288-4CFE-9376-A4FF2279FD29}.Debug|x64.Build.0 = Debug|x64
		{9E8B3E57-9288-4CFE-9376-A4FF2279FD29}.Debug|x86.ActiveCfg = Debug|Win32
		{9E8B3E57-9288-4CFE-9376-A4FF2279FD29}.Debug|x86.Build.0 = Debug|Win32
		{9E8B3E57-9288-4CFE-9376-A4FF2279FD29}.Release|x64.ActiveCfg = Release|x64
		{9E8B3E57-9288-4CFE-9376-A4FF2279FD29}.Release|x64.Build.0 = Release|x64
		{9E8B3E57-9288-4CFE-9376-A4FF2279FD29}.Release|x86.ActiveCfg = Release|Win32
		{9E8B3E57-9288-4CFE-9376-A4FF2279FD29}.Release|x86.Build.0 = Release|Win32
	EndGlobalSection
	GlobalSection(SolutionProperties) = preSolution
		HideSolutionNode = FALSE
	EndGlobalSection
	GlobalSection(ExtensibilityGlobals) = postSolution
		SolutionGuid = {BCD78C9B-18E8-4ACD-9998-7AFFF97C231F}
	EndGlobalSection
EndGlobal
