
Microsoft Visual Studio Solution File, Format Version 12.00
# Visual Studio 15
VisualStudioVersion = 15.0.28010.2046
MinimumVisualStudioVersion = 10.0.40219.1
Project("{8BC9CEB8-8B4A-11D0-8D11-00A0C91BC942}") = "viruss", "viruss\viruss.vcxproj", "{CA3F47D6-433E-4D97-91A7-208F92F58FAF}"
EndProject
Global
	GlobalSection(SolutionConfigurationPlatforms) = preSolution
		Debug|x64 = Debug|x64
		Debug|x86 = Debug|x86
		Release|x64 = Release|x64
		Release|x86 = Release|x86
	EndGlobalSection
	GlobalSection(ProjectConfigurationPlatforms) = postSolution
		{CA3F47D6-433E-4D97-91A7-208F92F58FAF}.Debug|x64.ActiveCfg = Debug|x64
		{CA3F47D6-433E-4D97-91A7-208F92F58FAF}.Debug|x64.Build.0 = Debug|x64
		{CA3F47D6-433E-4D97-91A7-208F92F58FAF}.Debug|x86.ActiveCfg = Debug|Win32
		{CA3F47D6-433E-4D97-91A7-208F92F58FAF}.Debug|x86.Build.0 = Debug|Win32
		{CA3F47D6-433E-4D97-91A7-208F92F58FAF}.Release|x64.ActiveCfg = Release|x64
		{CA3F47D6-433E-4D97-91A7-208F92F58FAF}.Release|x64.Build.0 = Release|x64
		{CA3F47D6-433E-4D97-91A7-208F92F58FAF}.Release|x86.ActiveCfg = Release|Win32
		{CA3F47D6-433E-4D97-91A7-208F92F58FAF}.Release|x86.Build.0 = Release|Win32
	EndGlobalSection
	GlobalSection(SolutionProperties) = preSolution
		HideSolutionNode = FALSE
	EndGlobalSection
	GlobalSection(ExtensibilityGlobals) = postSolution
		SolutionGuid = {8F015734-EE43-4922-8A57-7D30970A8AC7}
	EndGlobalSection
EndGlobal
